
Microsoft Visual Studio Solution File, Format Version 12.00
# Visual Studio 15
VisualStudioVersion = 15.0.26124.0
MinimumVisualStudioVersion = 15.0.26124.0
Project("{2150E333-8FDC-42A3-9474-1A3956D46DE8}") = "src", "src", "{E82BD143-3C2F-4259-80FF-16AF4570BDB3}"
EndProject
Project("{FAE04EC0-301F-11D3-BF4B-00C04F79EFBC}") = "MyProject.Admin", "src\MyProject.Admin\MyProject.Admin.csproj", "{D464EE76-E515-42A4-9EB4-6AAE332C4196}"
EndProject
Project("{FAE04EC0-301F-11D3-BF4B-00C04F79EFBC}") = "MyProject.STS.Identity", "src\MyProject.STS.Identity\MyProject.STS.Identity.csproj", "{9BA43F63-93A3-420F-99FF-9F6A66CAD6D6}"
EndProject
Project("{FAE04EC0-301F-11D3-BF4B-00C04F79EFBC}") = "MyProject.Admin.Api", "src\MyProject.Admin.Api\MyProject.Admin.Api.csproj", "{B5F49BCF-25C8-4258-8AA9-0465A0312DDE}"
EndProject
Project("{FAE04EC0-301F-11D3-BF4B-00C04F79EFBC}") = "MyProject.Admin.EntityFramework.Shared", "src\MyProject.Admin.EntityFramework.Shared\MyProject.Admin.EntityFramework.Shared.csproj", "{081BF81B-6D77-4E0F-9875-473B5B249D64}"
EndProject
Project("{FAE04EC0-301F-11D3-BF4B-00C04F79EFBC}") = "MyProject.Admin.EntityFramework.MySql", "src\MyProject.Admin.EntityFramework.MySql\MyProject.Admin.EntityFramework.MySql.csproj", "{67C997C8-315A-4B5B-A25C-6DA4BF9F36D5}"
EndProject
Project("{FAE04EC0-301F-11D3-BF4B-00C04F79EFBC}") = "MyProject.Admin.EntityFramework.PostgreSQL", "src\MyProject.Admin.EntityFramework.PostgreSQL\MyProject.Admin.EntityFramework.PostgreSQL.csproj", "{21BE7E7A-B945-4B3E-A311-3E82D36C361A}"
EndProject
Project("{FAE04EC0-301F-11D3-BF4B-00C04F79EFBC}") = "MyProject.Admin.EntityFramework.SqlServer", "src\MyProject.Admin.EntityFramework.SqlServer\MyProject.Admin.EntityFramework.SqlServer.csproj", "{89048722-FD99-4DF7-B23C-48D53076C3E5}"
EndProject
Project("{FAE04EC0-301F-11D3-BF4B-00C04F79EFBC}") = "MyProject.Shared", "src\MyProject.Shared\MyProject.Shared.csproj", "{74B60813-9845-4733-826E-EE9A71E3C339}"
EndProject
Global
	GlobalSection(SolutionConfigurationPlatforms) = preSolution
		Debug|Any CPU = Debug|Any CPU
		Debug|x64 = Debug|x64
		Debug|x86 = Debug|x86
		Release|Any CPU = Release|Any CPU
		Release|x64 = Release|x64
		Release|x86 = Release|x86
	EndGlobalSection
	GlobalSection(SolutionProperties) = preSolution
		HideSolutionNode = FALSE
	EndGlobalSection
	GlobalSection(ProjectConfigurationPlatforms) = postSolution
		{D464EE76-E515-42A4-9EB4-6AAE332C4196}.Debug|Any CPU.ActiveCfg = Debug|Any CPU
		{D464EE76-E515-42A4-9EB4-6AAE332C4196}.Debug|Any CPU.Build.0 = Debug|Any CPU
		{D464EE76-E515-42A4-9EB4-6AAE332C4196}.Debug|x64.ActiveCfg = Debug|Any CPU
		{D464EE76-E515-42A4-9EB4-6AAE332C4196}.Debug|x64.Build.0 = Debug|Any CPU
		{D464EE76-E515-42A4-9EB4-6AAE332C4196}.Debug|x86.ActiveCfg = Debug|Any CPU
		{D464EE76-E515-42A4-9EB4-6AAE332C4196}.Debug|x86.Build.0 = Debug|Any CPU
		{D464EE76-E515-42A4-9EB4-6AAE332C4196}.Release|Any CPU.ActiveCfg = Release|Any CPU
		{D464EE76-E515-42A4-9EB4-6AAE332C4196}.Release|Any CPU.Build.0 = Release|Any CPU
		{D464EE76-E515-42A4-9EB4-6AAE332C4196}.Release|x64.ActiveCfg = Release|Any CPU
		{D464EE76-E515-42A4-9EB4-6AAE332C4196}.Release|x64.Build.0 = Release|Any CPU
		{D464EE76-E515-42A4-9EB4-6AAE332C4196}.Release|x86.ActiveCfg = Release|Any CPU
		{D464EE76-E515-42A4-9EB4-6AAE332C4196}.Release|x86.Build.0 = Release|Any CPU
		{9BA43F63-93A3-420F-99FF-9F6A66CAD6D6}.Debug|Any CPU.ActiveCfg = Debug|Any CPU
		{9BA43F63-93A3-420F-99FF-9F6A66CAD6D6}.Debug|Any CPU.Build.0 = Debug|Any CPU
		{9BA43F63-93A3-420F-99FF-9F6A66CAD6D6}.Debug|x64.ActiveCfg = Debug|Any CPU
		{9BA43F63-93A3-420F-99FF-9F6A66CAD6D6}.Debug|x64.Build.0 = Debug|Any CPU
		{9BA43F63-93A3-420F-99FF-9F6A66CAD6D6}.Debug|x86.ActiveCfg = Debug|Any CPU
		{9BA43F63-93A3-420F-99FF-9F6A66CAD6D6}.Debug|x86.Build.0 = Debug|Any CPU
		{9BA43F63-93A3-420F-99FF-9F6A66CAD6D6}.Release|Any CPU.ActiveCfg = Release|Any CPU
		{9BA43F63-93A3-420F-99FF-9F6A66CAD6D6}.Release|Any CPU.Build.0 = Release|Any CPU
		{9BA43F63-93A3-420F-99FF-9F6A66CAD6D6}.Release|x64.ActiveCfg = Release|Any CPU
		{9BA43F63-93A3-420F-99FF-9F6A66CAD6D6}.Release|x64.Build.0 = Release|Any CPU
		{9BA43F63-93A3-420F-99FF-9F6A66CAD6D6}.Release|x86.ActiveCfg = Release|Any CPU
		{9BA43F63-93A3-420F-99FF-9F6A66CAD6D6}.Release|x86.Build.0 = Release|Any CPU
		{B5F49BCF-25C8-4258-8AA9-0465A0312DDE}.Debug|Any CPU.ActiveCfg = Debug|Any CPU
		{B5F49BCF-25C8-4258-8AA9-0465A0312DDE}.Debug|Any CPU.Build.0 = Debug|Any CPU
		{B5F49BCF-25C8-4258-8AA9-0465A0312DDE}.Debug|x64.ActiveCfg = Debug|Any CPU
		{B5F49BCF-25C8-4258-8AA9-0465A0312DDE}.Debug|x64.Build.0 = Debug|Any CPU
		{B5F49BCF-25C8-4258-8AA9-0465A0312DDE}.Debug|x86.ActiveCfg = Debug|Any CPU
		{B5F49BCF-25C8-4258-8AA9-0465A0312DDE}.Debug|x86.Build.0 = Debug|Any CPU
		{B5F49BCF-25C8-4258-8AA9-0465A0312DDE}.Release|Any CPU.ActiveCfg = Release|Any CPU
		{B5F49BCF-25C8-4258-8AA9-0465A0312DDE}.Release|Any CPU.Build.0 = Release|Any CPU
		{B5F49BCF-25C8-4258-8AA9-0465A0312DDE}.Release|x64.ActiveCfg = Release|Any CPU
		{B5F49BCF-25C8-4258-8AA9-0465A0312DDE}.Release|x64.Build.0 = Release|Any CPU
		{B5F49BCF-25C8-4258-8AA9-0465A0312DDE}.Release|x86.ActiveCfg = Release|Any CPU
		{B5F49BCF-25C8-4258-8AA9-0465A0312DDE}.Release|x86.Build.0 = Release|Any CPU
		{081BF81B-6D77-4E0F-9875-473B5B249D64}.Debug|Any CPU.ActiveCfg = Debug|Any CPU
		{081BF81B-6D77-4E0F-9875-473B5B249D64}.Debug|Any CPU.Build.0 = Debug|Any CPU
		{081BF81B-6D77-4E0F-9875-473B5B249D64}.Debug|x64.ActiveCfg = Debug|Any CPU
		{081BF81B-6D77-4E0F-9875-473B5B249D64}.Debug|x64.Build.0 = Debug|Any CPU
		{081BF81B-6D77-4E0F-9875-473B5B249D64}.Debug|x86.ActiveCfg = Debug|Any CPU
		{081BF81B-6D77-4E0F-9875-473B5B249D64}.Debug|x86.Build.0 = Debug|Any CPU
		{081BF81B-6D77-4E0F-9875-473B5B249D64}.Release|Any CPU.ActiveCfg = Release|Any CPU
		{081BF81B-6D77-4E0F-9875-473B5B249D64}.Release|Any CPU.Build.0 = Release|Any CPU
		{081BF81B-6D77-4E0F-9875-473B5B249D64}.Release|x64.ActiveCfg = Release|Any CPU
		{081BF81B-6D77-4E0F-9875-473B5B249D64}.Release|x64.Build.0 = Release|Any CPU
		{081BF81B-6D77-4E0F-9875-473B5B249D64}.Release|x86.ActiveCfg = Release|Any CPU
		{081BF81B-6D77-4E0F-9875-473B5B249D64}.Release|x86.Build.0 = Release|Any CPU
		{67C997C8-315A-4B5B-A25C-6DA4BF9F36D5}.Debug|Any CPU.ActiveCfg = Debug|Any CPU
		{67C997C8-315A-4B5B-A25C-6DA4BF9F36D5}.Debug|Any CPU.Build.0 = Debug|Any CPU
		{67C997C8-315A-4B5B-A25C-6DA4BF9F36D5}.Debug|x64.ActiveCfg = Debug|Any CPU
		{67C997C8-315A-4B5B-A25C-6DA4BF9F36D5}.Debug|x64.Build.0 = Debug|Any CPU
		{67C997C8-315A-4B5B-A25C-6DA4BF9F36D5}.Debug|x86.ActiveCfg = Debug|Any CPU
		{67C997C8-315A-4B5B-A25C-6DA4BF9F36D5}.Debug|x86.Build.0 = Debug|Any CPU
		{67C997C8-315A-4B5B-A25C-6DA4BF9F36D5}.Release|Any CPU.ActiveCfg = Release|Any CPU
		{67C997C8-315A-4B5B-A25C-6DA4BF9F36D5}.Release|Any CPU.Build.0 = Release|Any CPU
		{67C997C8-315A-4B5B-A25C-6DA4BF9F36D5}.Release|x64.ActiveCfg = Release|Any CPU
		{67C997C8-315A-4B5B-A25C-6DA4BF9F36D5}.Release|x64.Build.0 = Release|Any CPU
		{67C997C8-315A-4B5B-A25C-6DA4BF9F36D5}.Release|x86.ActiveCfg = Release|Any CPU
		{67C997C8-315A-4B5B-A25C-6DA4BF9F36D5}.Release|x86.Build.0 = Release|Any CPU
		{21BE7E7A-B945-4B3E-A311-3E82D36C361A}.Debug|Any CPU.ActiveCfg = Debug|Any CPU
		{21BE7E7A-B945-4B3E-A311-3E82D36C361A}.Debug|Any CPU.Build.0 = Debug|Any CPU
		{21BE7E7A-B945-4B3E-A311-3E82D36C361A}.Debug|x64.ActiveCfg = Debug|Any CPU
		{21BE7E7A-B945-4B3E-A311-3E82D36C361A}.Debug|x64.Build.0 = Debug|Any CPU
		{21BE7E7A-B945-4B3E-A311-3E82D36C361A}.Debug|x86.ActiveCfg = Debug|Any CPU
		{21BE7E7A-B945-4B3E-A311-3E82D36C361A}.Debug|x86.Build.0 = Debug|Any CPU
		{21BE7E7A-B945-4B3E-A311-3E82D36C361A}.Release|Any CPU.ActiveCfg = Release|Any CPU
		{21BE7E7A-B945-4B3E-A311-3E82D36C361A}.Release|Any CPU.Build.0 = Release|Any CPU
		{21BE7E7A-B945-4B3E-A311-3E82D36C361A}.Release|x64.ActiveCfg = Release|Any CPU
		{21BE7E7A-B945-4B3E-A311-3E82D36C361A}.Release|x64.Build.0 = Release|Any CPU
		{21BE7E7A-B945-4B3E-A311-3E82D36C361A}.Release|x86.ActiveCfg = Release|Any CPU
		{21BE7E7A-B945-4B3E-A311-3E82D36C361A}.Release|x86.Build.0 = Release|Any CPU
		{89048722-FD99-4DF7-B23C-48D53076C3E5}.Debug|Any CPU.ActiveCfg = Debug|Any CPU
		{89048722-FD99-4DF7-B23C-48D53076C3E5}.Debug|Any CPU.Build.0 = Debug|Any CPU
		{89048722-FD99-4DF7-B23C-48D53076C3E5}.Debug|x64.ActiveCfg = Debug|Any CPU
		{89048722-FD99-4DF7-B23C-48D53076C3E5}.Debug|x64.Build.0 = Debug|Any CPU
		{89048722-FD99-4DF7-B23C-48D53076C3E5}.Debug|x86.ActiveCfg = Debug|Any CPU
		{89048722-FD99-4DF7-B23C-48D53076C3E5}.Debug|x86.Build.0 = Debug|Any CPU
		{89048722-FD99-4DF7-B23C-48D53076C3E5}.Release|Any CPU.ActiveCfg = Release|Any CPU
		{89048722-FD99-4DF7-B23C-48D53076C3E5}.Release|Any CPU.Build.0 = Release|Any CPU
		{89048722-FD99-4DF7-B23C-48D53076C3E5}.Release|x64.ActiveCfg = Release|Any CPU
		{89048722-FD99-4DF7-B23C-48D53076C3E5}.Release|x64.Build.0 = Release|Any CPU
		{89048722-FD99-4DF7-B23C-48D53076C3E5}.Release|x86.ActiveCfg = Release|Any CPU
		{89048722-FD99-4DF7-B23C-48D53076C3E5}.Release|x86.Build.0 = Release|Any CPU
		{74B60813-9845-4733-826E-EE9A71E3C339}.Debug|Any CPU.ActiveCfg = Debug|Any CPU
		{74B60813-9845-4733-826E-EE9A71E3C339}.Debug|Any CPU.Build.0 = Debug|Any CPU
		{74B60813-9845-4733-826E-EE9A71E3C339}.Debug|x64.ActiveCfg = Debug|Any CPU
		{74B60813-9845-4733-826E-EE9A71E3C339}.Debug|x64.Build.0 = Debug|Any CPU
		{74B60813-9845-4733-826E-EE9A71E3C339}.Debug|x86.ActiveCfg = Debug|Any CPU
		{74B60813-9845-4733-826E-EE9A71E3C339}.Debug|x86.Build.0 = Debug|Any CPU
		{74B60813-9845-4733-826E-EE9A71E3C339}.Release|Any CPU.ActiveCfg = Release|Any CPU
		{74B60813-9845-4733-826E-EE9A71E3C339}.Release|Any CPU.Build.0 = Release|Any CPU
		{74B60813-9845-4733-826E-EE9A71E3C339}.Release|x64.ActiveCfg = Release|Any CPU
		{74B60813-9845-4733-826E-EE9A71E3C339}.Release|x64.Build.0 = Release|Any CPU
		{74B60813-9845-4733-826E-EE9A71E3C339}.Release|x86.ActiveCfg = Release|Any CPU
		{74B60813-9845-4733-826E-EE9A71E3C339}.Release|x86.Build.0 = Release|Any CPU
	EndGlobalSection
	GlobalSection(NestedProjects) = preSolution
		{D464EE76-E515-42A4-9EB4-6AAE332C4196} = {E82BD143-3C2F-4259-80FF-16AF4570BDB3}
		{9BA43F63-93A3-420F-99FF-9F6A66CAD6D6} = {E82BD143-3C2F-4259-80FF-16AF4570BDB3}
		{B5F49BCF-25C8-4258-8AA9-0465A0312DDE} = {E82BD143-3C2F-4259-80FF-16AF4570BDB3}
		{081BF81B-6D77-4E0F-9875-473B5B249D64} = {E82BD143-3C2F-4259-80FF-16AF4570BDB3}
		{67C997C8-315A-4B5B-A25C-6DA4BF9F36D5} = {E82BD143-3C2F-4259-80FF-16AF4570BDB3}
		{21BE7E7A-B945-4B3E-A311-3E82D36C361A} = {E82BD143-3C2F-4259-80FF-16AF4570BDB3}
		{89048722-FD99-4DF7-B23C-48D53076C3E5} = {E82BD143-3C2F-4259-80FF-16AF4570BDB3}
		{74B60813-9845-4733-826E-EE9A71E3C339} = {E82BD143-3C2F-4259-80FF-16AF4570BDB3}
	EndGlobalSection
EndGlobal
